// !$*UTF8*$!
{
	archiveVersion = 1;
	classes = {
	};
	objectVersion = 77;
	objects = {

/* Begin PBXBuildFile section */
		160FE7872D2B8803590A215D /* ImageRaterTests.swift in Sources */ = {isa = PBXBuildFile; fileRef = 6B4C6A2E1C2B71C70F55AE87 /* ImageRaterTests.swift */; };
		475B892CC4D64D99B23C4997 /* ImageRecordMigrationTests.swift in Sources */ = {isa = PBXBuildFile; fileRef = BA75B13E16664630B52B73C0 /* ImageRecordMigrationTests.swift */; };
		2C7D6D6E24B1665B4EA2522B /* sharp.jpg in Resources */ = {isa = PBXBuildFile; fileRef = 59427D413B63AF5B07BACF9F /* sharp.jpg */; };
		309F86F515ECCB91E16E07A6 /* CullPipeline.swift in Sources */ = {isa = PBXBuildFile; fileRef = 3BA85CE95545757BDA458D16 /* CullPipeline.swift */; };
		33D064C855968B052CD964BF /* ThumbnailCell.swift in Sources */ = {isa = PBXBuildFile; fileRef = 4B3FC2A1376A06433A3956D4 /* ThumbnailCell.swift */; };
		C1A2B3D4E5F6789012345678 /* RatingFilterView.swift in Sources */ = {isa = PBXBuildFile; fileRef = D4E5F6789012345678C1A2B3 /* RatingFilterView.swift */; };
		34458FAAB550B6CD2E385B38 /* MetadataWriter.swift in Sources */ = {isa = PBXBuildFile; fileRef = A8A89F521A3965A61370398E /* MetadataWriter.swift */; };
		35EE8069B023B37EDE7D0BD1 /* ContentView.swift in Sources */ = {isa = PBXBuildFile; fileRef = BF25761D06703B84F56CF4F1 /* ContentView.swift */; };
		393228EB014F7B81A5325D0E /* ManifestFetcher.swift in Sources */ = {isa = PBXBuildFile; fileRef = EC99BF375B14A447C2AE9F25 /* ManifestFetcher.swift */; };
		3A35D7F6D67AAE6548C47B54 /* DetailView.swift in Sources */ = {isa = PBXBuildFile; fileRef = D7D4257B43DBE132201A39A0 /* DetailView.swift */; };
		418EBE7BC16843054DBDE888 /* LibRawWrapper.swift in Sources */ = {isa = PBXBuildFile; fileRef = 8A1D62592AA878A621F6A969 /* LibRawWrapper.swift */; };
		55996786456F392BB67EB921 /* CullResult.swift in Sources */ = {isa = PBXBuildFile; fileRef = F6B5DF8555A058D7C6902BD4 /* CullResult.swift */; };
		617796D07A10409D05E87519 /* RatingResult.swift in Sources */ = {isa = PBXBuildFile; fileRef = 037E9085D3A94F4FD0ADFF72 /* RatingResult.swift */; };
		64F5C1B3E1549F95C4437ECF /* ImageRater.xcdatamodeld in Sources */ = {isa = PBXBuildFile; fileRef = E4EC119722BC5ED9AFDD7CB7 /* ImageRater.xcdatamodeld */; };
		669E13419B19CAD35C7A9447 /* RatingPipeline.swift in Sources */ = {isa = PBXBuildFile; fileRef = 74FAE79C691882738757D09E /* RatingPipeline.swift */; };
		6BDBC2A878F96D4316C1DE68 /* ModelStoreView.swift in Sources */ = {isa = PBXBuildFile; fileRef = ABE5316398AD4711064C7A1B /* ModelStoreView.swift */; };
		753DE1E72AE20DE5227827BE /* GridView.swift in Sources */ = {isa = PBXBuildFile; fileRef = 236280BBD3FA7FCF08A18A86 /* GridView.swift */; };
		7613E31F9A0E1DFAFEA5EA9F /* ProcessingQueue.swift in Sources */ = {isa = PBXBuildFile; fileRef = 04B0B3EF2D596CB97DF5278D /* ProcessingQueue.swift */; };
		7801637BA7B4FD83377B0FF9 /* RatingPipelineTests.swift in Sources */ = {isa = PBXBuildFile; fileRef = D75A35F43365E93486106E65 /* RatingPipelineTests.swift */; };
		7C131D2EB312D83B95AF5CEF /* MetadataWriterTests.swift in Sources */ = {isa = PBXBuildFile; fileRef = D037073964B87A0F24A93C65 /* MetadataWriterTests.swift */; };
		86D313E2F76C9ECE3D72D259 /* ImageRaterApp.swift in Sources */ = {isa = PBXBuildFile; fileRef = F46B8A2612176D53E2D10AC0 /* ImageRaterApp.swift */; };
		8D606E26FCAD4F580900C3F1 /* LibRawBridge.mm in Sources */ = {isa = PBXBuildFile; fileRef = E4BD04A90265A02C56519149 /* LibRawBridge.mm */; };
		91CBFA68909C40049E3E5207 /* ModelStore.swift in Sources */ = {isa = PBXBuildFile; fileRef = B4F6C94F58002553D1D1337D /* ModelStore.swift */; };
		93F160F69BE32544545598EC /* ProcessingQueueTests.swift in Sources */ = {isa = PBXBuildFile; fileRef = 46E799F849697017D7A2A17C /* ProcessingQueueTests.swift */; };
		A0D0B144EA082C4006A61E10 /* LibRawWrapperTests.swift in Sources */ = {isa = PBXBuildFile; fileRef = 11B85272F1A7E64C99FFACED /* LibRawWrapperTests.swift */; };
		B9E08E487FEE04501BD9DAEF /* ThumbnailCache.swift in Sources */ = {isa = PBXBuildFile; fileRef = 51CC8F269008CDA6AB3B88C3 /* ThumbnailCache.swift */; };
		CA5785B4173C08BDF61F4985 /* PersistenceController.swift in Sources */ = {isa = PBXBuildFile; fileRef = 7E8B9EAC1E6A2D9973B2B125 /* PersistenceController.swift */; };
		D6A1E7E2D906C631C0376BDA /* ImageImporter.swift in Sources */ = {isa = PBXBuildFile; fileRef = B2525BB5A1D41167E395966C /* ImageImporter.swift */; };
		D6FF6E3106207E9CE39492AF /* ModelStoreTests.swift in Sources */ = {isa = PBXBuildFile; fileRef = 92F6CFB8C967E9F93A984E8A /* ModelStoreTests.swift */; };
		E0B6EF5741A3AFCB382F26A8 /* CullPipelineTests.swift in Sources */ = {isa = PBXBuildFile; fileRef = F52DFF241767600BD466630B /* CullPipelineTests.swift */; };
		E0EE0031B9C8FB0766DE00BC /* ModelDownloader.swift in Sources */ = {isa = PBXBuildFile; fileRef = 8DF38EC57B56EE237A3013DF /* ModelDownloader.swift */; };
		E500AAB0F68715925DC455BC /* IntegrationTests.swift in Sources */ = {isa = PBXBuildFile; fileRef = 28FD798FAFEFD3ADE86B48B0 /* IntegrationTests.swift */; };
		F9F73830D9935D178213006D /* ScoreBadge.swift in Sources */ = {isa = PBXBuildFile; fileRef = AFD89865BC2C2BA6A2E828E1 /* ScoreBadge.swift */; };
		8D2FDD86E2F54E159953AE4E /* ImageMetadata.swift in Sources */ = {isa = PBXBuildFile; fileRef = 3F4B12D0DAAA460CA37ED8FE /* ImageMetadata.swift */; };
		B320CB30EFD04AEC9C73667B /* ZoomableImageView.swift in Sources */ = {isa = PBXBuildFile; fileRef = 6E72FFC138374B82B144061C /* ZoomableImageView.swift */; };
		AA11223344556677889900AB /* DiversityScorer.swift in Sources */ = {isa = PBXBuildFile; fileRef = BB11223344556677889900CD /* DiversityScorer.swift */; };
		CC11223344556677889900EF /* DiversityScorerTests.swift in Sources */ = {isa = PBXBuildFile; fileRef = DD11223344556677889900F0 /* DiversityScorerTests.swift */; };
		EE11223344556677889900A1 /* CLIPTextEmbeddings.swift in Sources */ = {isa = PBXBuildFile; fileRef = FF11223344556677889900B2 /* CLIPTextEmbeddings.swift */; };
/* End PBXBuildFile section */

/* Begin PBXContainerItemProxy section */
		1CD596BE8C22A829AD98266A /* PBXContainerItemProxy */ = {
			isa = PBXContainerItemProxy;
			containerPortal = 886AB4D387BBE8B114CC4675 /* Project object */;
			proxyType = 1;
			remoteGlobalIDString = A0154A2EBE43B1102DD32282;
			remoteInfo = ImageRater;
		};
/* End PBXContainerItemProxy section */

/* Begin PBXFileReference section */
		037E9085D3A94F4FD0ADFF72 /* RatingResult.swift */ = {isa = PBXFileReference; lastKnownFileType = sourcecode.swift; path = RatingResult.swift; sourceTree = "<group>"; };
		04B0B3EF2D596CB97DF5278D /* ProcessingQueue.swift */ = {isa = PBXFileReference; lastKnownFileType = sourcecode.swift; path = ProcessingQueue.swift; sourceTree = "<group>"; };
		11B85272F1A7E64C99FFACED /* LibRawWrapperTests.swift */ = {isa = PBXFileReference; lastKnownFileType = sourcecode.swift; path = LibRawWrapperTests.swift; sourceTree = "<group>"; };
		236280BBD3FA7FCF08A18A86 /* GridView.swift */ = {isa = PBXFileReference; lastKnownFileType = sourcecode.swift; path = GridView.swift; sourceTree = "<group>"; };
		2448FED23B6F6281DA84D6E3 /* ImageRater-Bridging-Header.h */ = {isa = PBXFileReference; lastKnownFileType = sourcecode.c.h; path = "ImageRater-Bridging-Header.h"; sourceTree = "<group>"; };
		28FD798FAFEFD3ADE86B48B0 /* IntegrationTests.swift */ = {isa = PBXFileReference; lastKnownFileType = sourcecode.swift; path = IntegrationTests.swift; sourceTree = "<group>"; };
		3BA85CE95545757BDA458D16 /* CullPipeline.swift */ = {isa = PBXFileReference; lastKnownFileType = sourcecode.swift; path = CullPipeline.swift; sourceTree = "<group>"; };
		46E799F849697017D7A2A17C /* ProcessingQueueTests.swift */ = {isa = PBXFileReference; lastKnownFileType = sourcecode.swift; path = ProcessingQueueTests.swift; sourceTree = "<group>"; };
		4B3FC2A1376A06433A3956D4 /* ThumbnailCell.swift */ = {isa = PBXFileReference; lastKnownFileType = sourcecode.swift; path = ThumbnailCell.swift; sourceTree = "<group>"; };
		51CC8F269008CDA6AB3B88C3 /* ThumbnailCache.swift */ = {isa = PBXFileReference; lastKnownFileType = sourcecode.swift; path = ThumbnailCache.swift; sourceTree = "<group>"; };
		59427D413B63AF5B07BACF9F /* sharp.jpg */ = {isa = PBXFileReference; lastKnownFileType = image.jpeg; path = sharp.jpg; sourceTree = "<group>"; };
		6B4C6A2E1C2B71C70F55AE87 /* ImageRaterTests.swift */ = {isa = PBXFileReference; lastKnownFileType = sourcecode.swift; path = ImageRaterTests.swift; sourceTree = "<group>"; };
		BA75B13E16664630B52B73C0 /* ImageRecordMigrationTests.swift */ = {isa = PBXFileReference; lastKnownFileType = sourcecode.swift; path = ImageRecordMigrationTests.swift; sourceTree = "<group>"; };
		74FAE79C691882738757D09E /* RatingPipeline.swift */ = {isa = PBXFileReference; lastKnownFileType = sourcecode.swift; path = RatingPipeline.swift; sourceTree = "<group>"; };
		7E8B9EAC1E6A2D9973B2B125 /* PersistenceController.swift */ = {isa = PBXFileReference; lastKnownFileType = sourcecode.swift; path = PersistenceController.swift; sourceTree = "<group>"; };
		8A1D62592AA878A621F6A969 /* LibRawWrapper.swift */ = {isa = PBXFileReference; lastKnownFileType = sourcecode.swift; path = LibRawWrapper.swift; sourceTree = "<group>"; };
		8DF38EC57B56EE237A3013DF /* ModelDownloader.swift */ = {isa = PBXFileReference; lastKnownFileType = sourcecode.swift; path = ModelDownloader.swift; sourceTree = "<group>"; };
		927C8C97DBC631094FF48BFB /* ImageRater.xcdatamodel */ = {isa = PBXFileReference; lastKnownFileType = wrapper.xcdatamodel; path = ImageRater.xcdatamodel; sourceTree = "<group>"; };
		940ED865DB0D4CE6AE1335DE /* ImageRater 2.xcdatamodel */ = {isa = PBXFileReference; lastKnownFileType = wrapper.xcdatamodel; path = "ImageRater 2.xcdatamodel"; sourceTree = "<group>"; };
		92F6CFB8C967E9F93A984E8A /* ModelStoreTests.swift */ = {isa = PBXFileReference; lastKnownFileType = sourcecode.swift; path = ModelStoreTests.swift; sourceTree = "<group>"; };
		A8A89F521A3965A61370398E /* MetadataWriter.swift */ = {isa = PBXFileReference; lastKnownFileType = sourcecode.swift; path = MetadataWriter.swift; sourceTree = "<group>"; };
		ABE5316398AD4711064C7A1B /* ModelStoreView.swift */ = {isa = PBXFileReference; lastKnownFileType = sourcecode.swift; path = ModelStoreView.swift; sourceTree = "<group>"; };
		AFD89865BC2C2BA6A2E828E1 /* ScoreBadge.swift */ = {isa = PBXFileReference; lastKnownFileType = sourcecode.swift; path = ScoreBadge.swift; sourceTree = "<group>"; };
		D4E5F6789012345678C1A2B3 /* RatingFilterView.swift */ = {isa = PBXFileReference; lastKnownFileType = sourcecode.swift; path = RatingFilterView.swift; sourceTree = "<group>"; };
		B2525BB5A1D41167E395966C /* ImageImporter.swift */ = {isa = PBXFileReference; lastKnownFileType = sourcecode.swift; path = ImageImporter.swift; sourceTree = "<group>"; };
		B4F6C94F58002553D1D1337D /* ModelStore.swift */ = {isa = PBXFileReference; lastKnownFileType = sourcecode.swift; path = ModelStore.swift; sourceTree = "<group>"; };
		BF25761D06703B84F56CF4F1 /* ContentView.swift */ = {isa = PBXFileReference; lastKnownFileType = sourcecode.swift; path = ContentView.swift; sourceTree = "<group>"; };
		C0826FF0FD240A117CCB4035 /* ImageRater.app */ = {isa = PBXFileReference; explicitFileType = wrapper.application; includeInIndex = 0; path = ImageRater.app; sourceTree = BUILT_PRODUCTS_DIR; };
		D037073964B87A0F24A93C65 /* MetadataWriterTests.swift */ = {isa = PBXFileReference; lastKnownFileType = sourcecode.swift; path = MetadataWriterTests.swift; sourceTree = "<group>"; };
		D75A35F43365E93486106E65 /* RatingPipelineTests.swift */ = {isa = PBXFileReference; lastKnownFileType = sourcecode.swift; path = RatingPipelineTests.swift; sourceTree = "<group>"; };
		D7D4257B43DBE132201A39A0 /* DetailView.swift */ = {isa = PBXFileReference; lastKnownFileType = sourcecode.swift; path = DetailView.swift; sourceTree = "<group>"; };
		DBBBBFAB15DAF73F94977A2F /* ImageRaterTests.xctest */ = {isa = PBXFileReference; explicitFileType = wrapper.cfbundle; includeInIndex = 0; path = ImageRaterTests.xctest; sourceTree = BUILT_PRODUCTS_DIR; };
		E4BD04A90265A02C56519149 /* LibRawBridge.mm */ = {isa = PBXFileReference; lastKnownFileType = sourcecode.cpp.objcpp; path = LibRawBridge.mm; sourceTree = "<group>"; };
		EC99BF375B14A447C2AE9F25 /* ManifestFetcher.swift */ = {isa = PBXFileReference; lastKnownFileType = sourcecode.swift; path = ManifestFetcher.swift; sourceTree = "<group>"; };
		F1A364EC9D90695AE4717555 /* Info.plist */ = {isa = PBXFileReference; lastKnownFileType = text.plist; path = Info.plist; sourceTree = "<group>"; };
		F46B8A2612176D53E2D10AC0 /* ImageRaterApp.swift */ = {isa = PBXFileReference; lastKnownFileType = sourcecode.swift; path = ImageRaterApp.swift; sourceTree = "<group>"; };
		F52DFF241767600BD466630B /* CullPipelineTests.swift */ = {isa = PBXFileReference; lastKnownFileType = sourcecode.swift; path = CullPipelineTests.swift; sourceTree = "<group>"; };
		F6B5DF8555A058D7C6902BD4 /* CullResult.swift */ = {isa = PBXFileReference; lastKnownFileType = sourcecode.swift; path = CullResult.swift; sourceTree = "<group>"; };
		FD4392FCA13C79B275636586 /* LibRawBridge.h */ = {isa = PBXFileReference; lastKnownFileType = sourcecode.c.h; path = LibRawBridge.h; sourceTree = "<group>"; };
		3F4B12D0DAAA460CA37ED8FE /* ImageMetadata.swift */ = {isa = PBXFileReference; lastKnownFileType = sourcecode.swift; path = ImageMetadata.swift; sourceTree = "<group>"; };
		6E72FFC138374B82B144061C /* ZoomableImageView.swift */ = {isa = PBXFileReference; lastKnownFileType = sourcecode.swift; path = ZoomableImageView.swift; sourceTree = "<group>"; };
		BB11223344556677889900CD /* DiversityScorer.swift */ = {isa = PBXFileReference; lastKnownFileType = sourcecode.swift; path = DiversityScorer.swift; sourceTree = "<group>"; };
		DD11223344556677889900F0 /* DiversityScorerTests.swift */ = {isa = PBXFileReference; lastKnownFileType = sourcecode.swift; path = DiversityScorerTests.swift; sourceTree = "<group>"; };
		FF11223344556677889900B2 /* CLIPTextEmbeddings.swift */ = {isa = PBXFileReference; lastKnownFileType = sourcecode.swift; path = CLIPTextEmbeddings.swift; sourceTree = "<group>"; };
/* End PBXFileReference section */

/* Begin PBXGroup section */
		024715370DFEFEB2474CB220 /* ModelStore */ = {
			isa = PBXGroup;
			children = (
				EC99BF375B14A447C2AE9F25 /* ManifestFetcher.swift */,
				8DF38EC57B56EE237A3013DF /* ModelDownloader.swift */,
				B4F6C94F58002553D1D1337D /* ModelStore.swift */,
			);
			path = ModelStore;
			sourceTree = "<group>";
		};
		0A48F36188980E36C22FB89B /* App */ = {
			isa = PBXGroup;
			children = (
				BF25761D06703B84F56CF4F1 /* ContentView.swift */,
				F46B8A2612176D53E2D10AC0 /* ImageRaterApp.swift */,
			);
			path = App;
			sourceTree = "<group>";
		};
		0B554BA68C206EB8D98DE831 = {
			isa = PBXGroup;
			children = (
				917F43440B1602B9A2C0CEFE /* ImageRater */,
				8DC33B1982BAD5D719CA4AAE /* ImageRaterTests */,
				BE2E09ED1CB9D752AD4BDF75 /* Products */,
			);
			sourceTree = "<group>";
		};
		0E88777C25D2335126F4DD7B /* UI */ = {
			isa = PBXGroup;
			children = (
				D7D4257B43DBE132201A39A0 /* DetailView.swift */,
				236280BBD3FA7FCF08A18A86 /* GridView.swift */,
				ABE5316398AD4711064C7A1B /* ModelStoreView.swift */,
				6E72FFC138374B82B144061C /* ZoomableImageView.swift */,
				8A366F4B5332CC3C7E7554C1 /* Components */,
			);
			path = UI;
			sourceTree = "<group>";
		};
		184BC2044D8AAD52B2913126 /* LibRaw */ = {
			isa = PBXGroup;
			children = (
				FD4392FCA13C79B275636586 /* LibRawBridge.h */,
				E4BD04A90265A02C56519149 /* LibRawBridge.mm */,
				8A1D62592AA878A621F6A969 /* LibRawWrapper.swift */,
			);
			path = LibRaw;
			sourceTree = "<group>";
		};
		51244A4F04AC535C2E78FBE2 /* Pipeline */ = {
			isa = PBXGroup;
			children = (
				3BA85CE95545757BDA458D16 /* CullPipeline.swift */,
				FF11223344556677889900B2 /* CLIPTextEmbeddings.swift */,
				BB11223344556677889900CD /* DiversityScorer.swift */,
				04B0B3EF2D596CB97DF5278D /* ProcessingQueue.swift */,
				74FAE79C691882738757D09E /* RatingPipeline.swift */,
			);
			path = Pipeline;
			sourceTree = "<group>";
		};
		6167E9C8B540F1FB87BA401A /* Models */ = {
			isa = PBXGroup;
			children = (
				F6B5DF8555A058D7C6902BD4 /* CullResult.swift */,
				3F4B12D0DAAA460CA37ED8FE /* ImageMetadata.swift */,
				037E9085D3A94F4FD0ADFF72 /* RatingResult.swift */,
			);
			path = Models;
			sourceTree = "<group>";
		};
		8A366F4B5332CC3C7E7554C1 /* Components */ = {
			isa = PBXGroup;
			children = (
				AFD89865BC2C2BA6A2E828E1 /* ScoreBadge.swift */,
				4B3FC2A1376A06433A3956D4 /* ThumbnailCell.swift */,
				D4E5F6789012345678C1A2B3 /* RatingFilterView.swift */,
			);
			path = Components;
			sourceTree = "<group>";
		};
		8DC33B1982BAD5D719CA4AAE /* ImageRaterTests */ = {
			isa = PBXGroup;
			children = (
				F52DFF241767600BD466630B /* CullPipelineTests.swift */,
				DD11223344556677889900F0 /* DiversityScorerTests.swift */,
				6B4C6A2E1C2B71C70F55AE87 /* ImageRaterTests.swift */,
				BA75B13E16664630B52B73C0 /* ImageRecordMigrationTests.swift */,
				28FD798FAFEFD3ADE86B48B0 /* IntegrationTests.swift */,
				11B85272F1A7E64C99FFACED /* LibRawWrapperTests.swift */,
				D037073964B87A0F24A93C65 /* MetadataWriterTests.swift */,
				92F6CFB8C967E9F93A984E8A /* ModelStoreTests.swift */,
				46E799F849697017D7A2A17C /* ProcessingQueueTests.swift */,
				D75A35F43365E93486106E65 /* RatingPipelineTests.swift */,
				9D86C094E595199A7C2338EA /* Fixtures */,
			);
			path = ImageRaterTests;
			sourceTree = "<group>";
		};
		917F43440B1602B9A2C0CEFE /* ImageRater */ = {
			isa = PBXGroup;
			children = (
				2448FED23B6F6281DA84D6E3 /* ImageRater-Bridging-Header.h */,
				F1A364EC9D90695AE4717555 /* Info.plist */,
				0A48F36188980E36C22FB89B /* App */,
				C4532BF6B6C39EBD7129D03B /* CoreData */,
				A566978C664A93A2BC663FEC /* Export */,
				B058984081BDC65A820F0630 /* Import */,
				184BC2044D8AAD52B2913126 /* LibRaw */,
				6167E9C8B540F1FB87BA401A /* Models */,
				024715370DFEFEB2474CB220 /* ModelStore */,
				51244A4F04AC535C2E78FBE2 /* Pipeline */,
				0E88777C25D2335126F4DD7B /* UI */,
			);
			path = ImageRater;
			sourceTree = "<group>";
		};
		9D86C094E595199A7C2338EA /* Fixtures */ = {
			isa = PBXGroup;
			children = (
				59427D413B63AF5B07BACF9F /* sharp.jpg */,
			);
			path = Fixtures;
			sourceTree = "<group>";
		};
		A566978C664A93A2BC663FEC /* Export */ = {
			isa = PBXGroup;
			children = (
				A8A89F521A3965A61370398E /* MetadataWriter.swift */,
			);
			path = Export;
			sourceTree = "<group>";
		};
		B058984081BDC65A820F0630 /* Import */ = {
			isa = PBXGroup;
			children = (
				B2525BB5A1D41167E395966C /* ImageImporter.swift */,
				51CC8F269008CDA6AB3B88C3 /* ThumbnailCache.swift */,
			);
			path = Import;
			sourceTree = "<group>";
		};
		BE2E09ED1CB9D752AD4BDF75 /* Products */ = {
			isa = PBXGroup;
			children = (
				C0826FF0FD240A117CCB4035 /* ImageRater.app */,
				DBBBBFAB15DAF73F94977A2F /* ImageRaterTests.xctest */,
			);
			name = Products;
			sourceTree = "<group>";
		};
		C4532BF6B6C39EBD7129D03B /* CoreData */ = {
			isa = PBXGroup;
			children = (
				7E8B9EAC1E6A2D9973B2B125 /* PersistenceController.swift */,
				E4EC119722BC5ED9AFDD7CB7 /* ImageRater.xcdatamodeld */,
			);
			path = CoreData;
			sourceTree = "<group>";
		};
/* End PBXGroup section */

/* Begin PBXNativeTarget section */
		28461EFC4DFE04C3854583DB /* ImageRaterTests */ = {
			isa = PBXNativeTarget;
			buildConfigurationList = FA2F708DE7F4A8981D56029F /* Build configuration list for PBXNativeTarget "ImageRaterTests" */;
			buildPhases = (
				45E44DA3DABD302F3561F14C /* Sources */,
				BDACDF12A5B3F025C2D19111 /* Resources */,
			);
			buildRules = (
			);
			dependencies = (
				929E770C999211901AF9A0ED /* PBXTargetDependency */,
			);
			name = ImageRaterTests;
			packageProductDependencies = (
			);
			productName = ImageRaterTests;
			productReference = DBBBBFAB15DAF73F94977A2F /* ImageRaterTests.xctest */;
			productType = "com.apple.product-type.bundle.unit-test";
		};
		A0154A2EBE43B1102DD32282 /* ImageRater */ = {
			isa = PBXNativeTarget;
			buildConfigurationList = 17A4BF002B0F052636CED341 /* Build configuration list for PBXNativeTarget "ImageRater" */;
			buildPhases = (
				57D26E87E9D4A4619BCC4462 /* Sources */,
			);
			buildRules = (
			);
			dependencies = (
			);
			name = ImageRater;
			packageProductDependencies = (
			);
			productName = ImageRater;
			productReference = C0826FF0FD240A117CCB4035 /* ImageRater.app */;
			productType = "com.apple.product-type.application";
		};
/* End PBXNativeTarget section */

/* Begin PBXProject section */
		886AB4D387BBE8B114CC4675 /* Project object */ = {
			isa = PBXProject;
			attributes = {
				BuildIndependentTargetsInParallel = YES;
				LastUpgradeCheck = 1500;
				TargetAttributes = {
					A0154A2EBE43B1102DD32282 = {
						ProvisioningStyle = Automatic;
					};
				};
			};
			buildConfigurationList = 646060B49166EF3B011004F8 /* Build configuration list for PBXProject "ImageRater" */;
			developmentRegion = en;
			hasScannedForEncodings = 0;
			knownRegions = (
				Base,
				en,
			);
			mainGroup = 0B554BA68C206EB8D98DE831;
			minimizedProjectReferenceProxies = 1;
			preferredProjectObjectVersion = 77;
			productRefGroup = BE2E09ED1CB9D752AD4BDF75 /* Products */;
			projectDirPath = "";
			projectRoot = "";
			targets = (
				A0154A2EBE43B1102DD32282 /* ImageRater */,
				28461EFC4DFE04C3854583DB /* ImageRaterTests */,
			);
		};
/* End PBXProject section */

/* Begin PBXResourcesBuildPhase section */
		BDACDF12A5B3F025C2D19111 /* Resources */ = {
			isa = PBXResourcesBuildPhase;
			buildActionMask = 2147483647;
			files = (
				2C7D6D6E24B1665B4EA2522B /* sharp.jpg in Resources */,
			);
			runOnlyForDeploymentPostprocessing = 0;
		};
/* End PBXResourcesBuildPhase section */

/* Begin PBXSourcesBuildPhase section */
		45E44DA3DABD302F3561F14C /* Sources */ = {
			isa = PBXSourcesBuildPhase;
			buildActionMask = 2147483647;
			files = (
				E0B6EF5741A3AFCB382F26A8 /* CullPipelineTests.swift in Sources */,
				CC11223344556677889900EF /* DiversityScorerTests.swift in Sources */,
				160FE7872D2B8803590A215D /* ImageRaterTests.swift in Sources */,
				475B892CC4D64D99B23C4997 /* ImageRecordMigrationTests.swift in Sources */,
				E500AAB0F68715925DC455BC /* IntegrationTests.swift in Sources */,
				A0D0B144EA082C4006A61E10 /* LibRawWrapperTests.swift in Sources */,
				7C131D2EB312D83B95AF5CEF /* MetadataWriterTests.swift in Sources */,
				D6FF6E3106207E9CE39492AF /* ModelStoreTests.swift in Sources */,
				93F160F69BE32544545598EC /* ProcessingQueueTests.swift in Sources */,
				7801637BA7B4FD83377B0FF9 /* RatingPipelineTests.swift in Sources */,
			);
			runOnlyForDeploymentPostprocessing = 0;
		};
		57D26E87E9D4A4619BCC4462 /* Sources */ = {
			isa = PBXSourcesBuildPhase;
			buildActionMask = 2147483647;
			files = (
				35EE8069B023B37EDE7D0BD1 /* ContentView.swift in Sources */,
				309F86F515ECCB91E16E07A6 /* CullPipeline.swift in Sources */,
				EE11223344556677889900A1 /* CLIPTextEmbeddings.swift in Sources */,
				AA11223344556677889900AB /* DiversityScorer.swift in Sources */,
				55996786456F392BB67EB921 /* CullResult.swift in Sources */,
				3A35D7F6D67AAE6548C47B54 /* DetailView.swift in Sources */,
				753DE1E72AE20DE5227827BE /* GridView.swift in Sources */,
				D6A1E7E2D906C631C0376BDA /* ImageImporter.swift in Sources */,
				64F5C1B3E1549F95C4437ECF /* ImageRater.xcdatamodeld in Sources */,
				86D313E2F76C9ECE3D72D259 /* ImageRaterApp.swift in Sources */,
				8D606E26FCAD4F580900C3F1 /* LibRawBridge.mm in Sources */,
				418EBE7BC16843054DBDE888 /* LibRawWrapper.swift in Sources */,
				393228EB014F7B81A5325D0E /* ManifestFetcher.swift in Sources */,
				34458FAAB550B6CD2E385B38 /* MetadataWriter.swift in Sources */,
				E0EE0031B9C8FB0766DE00BC /* ModelDownloader.swift in Sources */,
				91CBFA68909C40049E3E5207 /* ModelStore.swift in Sources */,
				6BDBC2A878F96D4316C1DE68 /* ModelStoreView.swift in Sources */,
				CA5785B4173C08BDF61F4985 /* PersistenceController.swift in Sources */,
				7613E31F9A0E1DFAFEA5EA9F /* ProcessingQueue.swift in Sources */,
				669E13419B19CAD35C7A9447 /* RatingPipeline.swift in Sources */,
				617796D07A10409D05E87519 /* RatingResult.swift in Sources */,
				F9F73830D9935D178213006D /* ScoreBadge.swift in Sources */,
				B9E08E487FEE04501BD9DAEF /* ThumbnailCache.swift in Sources */,
				33D064C855968B052CD964BF /* ThumbnailCell.swift in Sources */,
				C1A2B3D4E5F6789012345678 /* RatingFilterView.swift in Sources */,
				8D2FDD86E2F54E159953AE4E /* ImageMetadata.swift in Sources */,
				B320CB30EFD04AEC9C73667B /* ZoomableImageView.swift in Sources */,
			);
			runOnlyForDeploymentPostprocessing = 0;
		};
/* End PBXSourcesBuildPhase section */

/* Begin PBXTargetDependency section */
		929E770C999211901AF9A0ED /* PBXTargetDependency */ = {
			isa = PBXTargetDependency;
			target = A0154A2EBE43B1102DD32282 /* ImageRater */;
			targetProxy = 1CD596BE8C22A829AD98266A /* PBXContainerItemProxy */;
		};
/* End PBXTargetDependency section */

/* Begin XCBuildConfiguration section */
		04978F0FD082414656732141 /* Debug */ = {
			isa = XCBuildConfiguration;
			buildSettings = {
				ALWAYS_SEARCH_USER_PATHS = NO;
				CLANG_ANALYZER_NONNULL = YES;
				CLANG_ANALYZER_NUMBER_OBJECT_CONVERSION = YES_AGGRESSIVE;
				CLANG_CXX_LANGUAGE_STANDARD = "gnu++14";
				CLANG_CXX_LIBRARY = "libc++";
				CLANG_ENABLE_MODULES = YES;
				CLANG_ENABLE_OBJC_ARC = YES;
				CLANG_ENABLE_OBJC_WEAK = YES;
				CLANG_WARN_BLOCK_CAPTURE_AUTORELEASING = YES;
				CLANG_WARN_BOOL_CONVERSION = YES;
				CLANG_WARN_COMMA = YES;
				CLANG_WARN_CONSTANT_CONVERSION = YES;
				CLANG_WARN_DEPRECATED_OBJC_IMPLEMENTATIONS = YES;
				CLANG_WARN_DIRECT_OBJC_ISA_USAGE = YES_ERROR;
				CLANG_WARN_DOCUMENTATION_COMMENTS = YES;
				CLANG_WARN_EMPTY_BODY = YES;
				CLANG_WARN_ENUM_CONVERSION = YES;
				CLANG_WARN_INFINITE_RECURSION = YES;
				CLANG_WARN_INT_CONVERSION = YES;
				CLANG_WARN_NON_LITERAL_NULL_CONVERSION = YES;
				CLANG_WARN_OBJC_IMPLICIT_RETAIN_SELF = YES;
				CLANG_WARN_OBJC_LITERAL_CONVERSION = YES;
				CLANG_WARN_OBJC_ROOT_CLASS = YES_ERROR;
				CLANG_WARN_QUOTED_INCLUDE_IN_FRAMEWORK_HEADER = YES;
				CLANG_WARN_RANGE_LOOP_ANALYSIS = YES;
				CLANG_WARN_STRICT_PROTOTYPES = YES;
				CLANG_WARN_SUSPICIOUS_MOVE = YES;
				CLANG_WARN_UNGUARDED_AVAILABILITY = YES_AGGRESSIVE;
				CLANG_WARN_UNREACHABLE_CODE = YES;
				CLANG_WARN__DUPLICATE_METHOD_MATCH = YES;
				COPY_PHASE_STRIP = NO;
				DEBUG_INFORMATION_FORMAT = dwarf;
				ENABLE_STRICT_OBJC_MSGSEND = YES;
				ENABLE_TESTABILITY = YES;
				GCC_C_LANGUAGE_STANDARD = gnu11;
				GCC_DYNAMIC_NO_PIC = NO;
				GCC_NO_COMMON_BLOCKS = YES;
				GCC_OPTIMIZATION_LEVEL = 0;
				GCC_PREPROCESSOR_DEFINITIONS = (
					"$(inherited)",
					"DEBUG=1",
				);
				GCC_WARN_64_TO_32_BIT_CONVERSION = YES;
				GCC_WARN_ABOUT_RETURN_TYPE = YES_ERROR;
				GCC_WARN_UNDECLARED_SELECTOR = YES;
				GCC_WARN_UNINITIALIZED_AUTOS = YES_AGGRESSIVE;
				GCC_WARN_UNUSED_FUNCTION = YES;
				GCC_WARN_UNUSED_VARIABLE = YES;
				MACOSX_DEPLOYMENT_TARGET = 14.0;
				MTL_ENABLE_DEBUG_INFO = INCLUDE_SOURCE;
				MTL_FAST_MATH = YES;
				ONLY_ACTIVE_ARCH = YES;
				PRODUCT_NAME = "$(TARGET_NAME)";
				SDKROOT = macosx;
				SWIFT_ACTIVE_COMPILATION_CONDITIONS = DEBUG;
				SWIFT_OBJC_BRIDGING_HEADER = "ImageRater/ImageRater-Bridging-Header.h";
				SWIFT_OPTIMIZATION_LEVEL = "-Onone";
				SWIFT_VERSION = 5.9;
			};
			name = Debug;
		};
		41FA556DD46FDCA58B49DCB6 /* Release */ = {
			isa = XCBuildConfiguration;
			buildSettings = {
				BUNDLE_LOADER = "$(TEST_HOST)";
				COMBINE_HIDPI_IMAGES = YES;
				GENERATE_INFOPLIST_FILE = YES;
				LD_RUNPATH_SEARCH_PATHS = (
					"$(inherited)",
					"@executable_path/../Frameworks",
					"@loader_path/../Frameworks",
				);
				PRODUCT_BUNDLE_IDENTIFIER = com.imageRater.ImageRaterTests;
				SDKROOT = macosx;
				TEST_HOST = "$(BUILT_PRODUCTS_DIR)/ImageRater.app/Contents/MacOS/ImageRater";
			};
			name = Release;
		};
		4343C4676D7D3F131F229443 /* Debug */ = {
			isa = XCBuildConfiguration;
			buildSettings = {
				ASSETCATALOG_COMPILER_APPICON_NAME = AppIcon;
				CODE_SIGN_STYLE = Automatic;
				COMBINE_HIDPI_IMAGES = YES;
				ENABLE_HARDENED_RUNTIME = YES;
				HEADER_SEARCH_PATHS = /opt/homebrew/include;
				INFOPLIST_FILE = ImageRater/Info.plist;
				LD_RUNPATH_SEARCH_PATHS = (
					"$(inherited)",
					"@executable_path/../Frameworks",
				);
				LIBRARY_SEARCH_PATHS = /opt/homebrew/lib;
				OTHER_LDFLAGS = "-lraw";
				PRODUCT_BUNDLE_IDENTIFIER = com.imageRater.ImageRater;
				SDKROOT = macosx;
			};
			name = Debug;
		};
		4E660DF4D11665688DDF715A /* Debug */ = {
			isa = XCBuildConfiguration;
			buildSettings = {
				BUNDLE_LOADER = "$(TEST_HOST)";
				COMBINE_HIDPI_IMAGES = YES;
				GENERATE_INFOPLIST_FILE = YES;
				LD_RUNPATH_SEARCH_PATHS = (
					"$(inherited)",
					"@executable_path/../Frameworks",
					"@loader_path/../Frameworks",
				);
				PRODUCT_BUNDLE_IDENTIFIER = com.imageRater.ImageRaterTests;
				SDKROOT = macosx;
				TEST_HOST = "$(BUILT_PRODUCTS_DIR)/ImageRater.app/Contents/MacOS/ImageRater";
			};
			name = Debug;
		};
		8FCA44168B785870F5856642 /* Release */ = {
			isa = XCBuildConfiguration;
			buildSettings = {
				ASSETCATALOG_COMPILER_APPICON_NAME = AppIcon;
				CODE_SIGN_STYLE = Automatic;
				COMBINE_HIDPI_IMAGES = YES;
				ENABLE_HARDENED_RUNTIME = YES;
				HEADER_SEARCH_PATHS = /opt/homebrew/include;
				INFOPLIST_FILE = ImageRater/Info.plist;
				LD_RUNPATH_SEARCH_PATHS = (
					"$(inherited)",
					"@executable_path/../Frameworks",
				);
				LIBRARY_SEARCH_PATHS = /opt/homebrew/lib;
				OTHER_LDFLAGS = "-lraw";
				PRODUCT_BUNDLE_IDENTIFIER = com.imageRater.ImageRater;
				SDKROOT = macosx;
			};
			name = Release;
		};
		B2BA138AD7BC7BFB867C735B /* Release */ = {
			isa = XCBuildConfiguration;
			buildSettings = {
				ALWAYS_SEARCH_USER_PATHS = NO;
				CLANG_ANALYZER_NONNULL = YES;
				CLANG_ANALYZER_NUMBER_OBJECT_CONVERSION = YES_AGGRESSIVE;
				CLANG_CXX_LANGUAGE_STANDARD = "gnu++14";
				CLANG_CXX_LIBRARY = "libc++";
				CLANG_ENABLE_MODULES = YES;
				CLANG_ENABLE_OBJC_ARC = YES;
				CLANG_ENABLE_OBJC_WEAK = YES;
				CLANG_WARN_BLOCK_CAPTURE_AUTORELEASING = YES;
				CLANG_WARN_BOOL_CONVERSION = YES;
				CLANG_WARN_COMMA = YES;
				CLANG_WARN_CONSTANT_CONVERSION = YES;
				CLANG_WARN_DEPRECATED_OBJC_IMPLEMENTATIONS = YES;
				CLANG_WARN_DIRECT_OBJC_ISA_USAGE = YES_ERROR;
				CLANG_WARN_DOCUMENTATION_COMMENTS = YES;
				CLANG_WARN_EMPTY_BODY = YES;
				CLANG_WARN_ENUM_CONVERSION = YES;
				CLANG_WARN_INFINITE_RECURSION = YES;
				CLANG_WARN_INT_CONVERSION = YES;
				CLANG_WARN_NON_LITERAL_NULL_CONVERSION = YES;
				CLANG_WARN_OBJC_IMPLICIT_RETAIN_SELF = YES;
				CLANG_WARN_OBJC_LITERAL_CONVERSION = YES;
				CLANG_WARN_OBJC_ROOT_CLASS = YES_ERROR;
				CLANG_WARN_QUOTED_INCLUDE_IN_FRAMEWORK_HEADER = YES;
				CLANG_WARN_RANGE_LOOP_ANALYSIS = YES;
				CLANG_WARN_STRICT_PROTOTYPES = YES;
				CLANG_WARN_SUSPICIOUS_MOVE = YES;
				CLANG_WARN_UNGUARDED_AVAILABILITY = YES_AGGRESSIVE;
				CLANG_WARN_UNREACHABLE_CODE = YES;
				CLANG_WARN__DUPLICATE_METHOD_MATCH = YES;
				COPY_PHASE_STRIP = NO;
				DEBUG_INFORMATION_FORMAT = "dwarf-with-dsym";
				ENABLE_NS_ASSERTIONS = NO;
				ENABLE_STRICT_OBJC_MSGSEND = YES;
				GCC_C_LANGUAGE_STANDARD = gnu11;
				GCC_NO_COMMON_BLOCKS = YES;
				GCC_WARN_64_TO_32_BIT_CONVERSION = YES;
				GCC_WARN_ABOUT_RETURN_TYPE = YES_ERROR;
				GCC_WARN_UNDECLARED_SELECTOR = YES;
				GCC_WARN_UNINITIALIZED_AUTOS = YES_AGGRESSIVE;
				GCC_WARN_UNUSED_FUNCTION = YES;
				GCC_WARN_UNUSED_VARIABLE = YES;
				MACOSX_DEPLOYMENT_TARGET = 14.0;
				MTL_ENABLE_DEBUG_INFO = NO;
				MTL_FAST_MATH = YES;
				PRODUCT_NAME = "$(TARGET_NAME)";
				SDKROOT = macosx;
				SWIFT_COMPILATION_MODE = wholemodule;
				SWIFT_OBJC_BRIDGING_HEADER = "ImageRater/ImageRater-Bridging-Header.h";
				SWIFT_OPTIMIZATION_LEVEL = "-O";
				SWIFT_VERSION = 5.9;
			};
			name = Release;
		};
/* End XCBuildConfiguration section */

/* Begin XCConfigurationList section */
		17A4BF002B0F052636CED341 /* Build configuration list for PBXNativeTarget "ImageRater" */ = {
			isa = XCConfigurationList;
			buildConfigurations = (
				4343C4676D7D3F131F229443 /* Debug */,
				8FCA44168B785870F5856642 /* Release */,
			);
			defaultConfigurationIsVisible = 0;
			defaultConfigurationName = Debug;
		};
		646060B49166EF3B011004F8 /* Build configuration list for PBXProject "ImageRater" */ = {
			isa = XCConfigurationList;
			buildConfigurations = (
				04978F0FD082414656732141 /* Debug */,
				B2BA138AD7BC7BFB867C735B /* Release */,
			);
			defaultConfigurationIsVisible = 0;
			defaultConfigurationName = Debug;
		};
		FA2F708DE7F4A8981D56029F /* Build configuration list for PBXNativeTarget "ImageRaterTests" */ = {
			isa = XCConfigurationList;
			buildConfigurations = (
				4E660DF4D11665688DDF715A /* Debug */,
				41FA556DD46FDCA58B49DCB6 /* Release */,
			);
			defaultConfigurationIsVisible = 0;
			defaultConfigurationName = Debug;
		};
/* End XCConfigurationList section */

/* Begin XCVersionGroup section */
		E4EC119722BC5ED9AFDD7CB7 /* ImageRater.xcdatamodeld */ = {
			isa = XCVersionGroup;
			children = (
				927C8C97DBC631094FF48BFB /* ImageRater.xcdatamodel */,
				940ED865DB0D4CE6AE1335DE /* ImageRater 2.xcdatamodel */,
			);
			currentVersion = 940ED865DB0D4CE6AE1335DE /* ImageRater 2.xcdatamodel */;
			path = ImageRater.xcdatamodeld;
			sourceTree = "<group>";
			versionGroupType = wrapper.xcdatamodel;
		};
/* End XCVersionGroup section */
	};
	rootObject = 886AB4D387BBE8B114CC4675 /* Project object */;
}
