// !$*UTF8*$!
{
	archiveVersion = 1;
	classes = {
	};
	objectVersion = 77;
	objects = {

/* Begin PBXBuildFile section */
		160FE7872D2B8803590A215D /* ImageRaterTests.swift in Sources */ = {isa = PBXBuildFile; fileRef = 6B4C6A2E1C2B71C70F55AE87 /* ImageRaterTests.swift */; };
		2C7D6D6E24B1665B4EA2522B /* sharp.jpg in Resources */ = {isa = PBXBuildFile; fileRef = 59427D413B63AF5B07BACF9F /* sharp.jpg */; };
		309F86F515ECCB91E16E07A6 /* CullPipeline.swift in Sources */ = {isa = PBXBuildFile; fileRef = 3BA85CE95545757BDA458D16 /* CullPipeline.swift */; };
		34458FAAB550B6CD2E385B38 /* MetadataWriter.swift in Sources */ = {isa = PBXBuildFile; fileRef = A8A89F521A3965A61370398E /* MetadataWriter.swift */; };
		35EE8069B023B37EDE7D0BD1 /* ContentView.swift in Sources */ = {isa = PBXBuildFile; fileRef = BF25761D06703B84F56CF4F1 /* ContentView.swift */; };
		418EBE7BC16843054DBDE888 /* LibRawWrapper.swift in Sources */ = {isa = PBXBuildFile; fileRef = 8A1D62592AA878A621F6A969 /* LibRawWrapper.swift */; };
		55996786456F392BB67EB921 /* CullResult.swift in Sources */ = {isa = PBXBuildFile; fileRef = F6B5DF8555A058D7C6902BD4 /* CullResult.swift */; };
		617796D07A10409D05E87519 /* RatingResult.swift in Sources */ = {isa = PBXBuildFile; fileRef = 037E9085D3A94F4FD0ADFF72 /* RatingResult.swift */; };
		64F5C1B3E1549F95C4437ECF /* ImageRater.xcdatamodeld in Sources */ = {isa = PBXBuildFile; fileRef = E4EC119722BC5ED9AFDD7CB7 /* ImageRater.xcdatamodeld */; };
		7C131D2EB312D83B95AF5CEF /* MetadataWriterTests.swift in Sources */ = {isa = PBXBuildFile; fileRef = D037073964B87A0F24A93C65 /* MetadataWriterTests.swift */; };
		86D313E2F76C9ECE3D72D259 /* ImageRaterApp.swift in Sources */ = {isa = PBXBuildFile; fileRef = F46B8A2612176D53E2D10AC0 /* ImageRaterApp.swift */; };
		8D606E26FCAD4F580900C3F1 /* LibRawBridge.mm in Sources */ = {isa = PBXBuildFile; fileRef = E4BD04A90265A02C56519149 /* LibRawBridge.mm */; };
		A0D0B144EA082C4006A61E10 /* LibRawWrapperTests.swift in Sources */ = {isa = PBXBuildFile; fileRef = 11B85272F1A7E64C99FFACED /* LibRawWrapperTests.swift */; };
		B9E08E487FEE04501BD9DAEF /* ThumbnailCache.swift in Sources */ = {isa = PBXBuildFile; fileRef = 51CC8F269008CDA6AB3B88C3 /* ThumbnailCache.swift */; };
		CA5785B4173C08BDF61F4985 /* PersistenceController.swift in Sources */ = {isa = PBXBuildFile; fileRef = 7E8B9EAC1E6A2D9973B2B125 /* PersistenceController.swift */; };
		E0B6EF5741A3AFCB382F26A8 /* CullPipelineTests.swift in Sources */ = {isa = PBXBuildFile; fileRef = F52DFF241767600BD466630B /* CullPipelineTests.swift */; };
/* End PBXBuildFile section */

/* Begin PBXContainerItemProxy section */
		1CD596BE8C22A829AD98266A /* PBXContainerItemProxy */ = {
			isa = PBXContainerItemProxy;
			containerPortal = 886AB4D387BBE8B114CC4675 /* Project object */;
			proxyType = 1;
			remoteGlobalIDString = A0154A2EBE43B1102DD32282;
			remoteInfo = ImageRater;
		};
/* End PBXContainerItemProxy section */

/* Begin PBXFileReference section */
		037E9085D3A94F4FD0ADFF72 /* RatingResult.swift */ = {isa = PBXFileReference; lastKnownFileType = sourcecode.swift; path = RatingResult.swift; sourceTree = "<group>"; };
		11B85272F1A7E64C99FFACED /* LibRawWrapperTests.swift */ = {isa = PBXFileReference; lastKnownFileType = sourcecode.swift; path = LibRawWrapperTests.swift; sourceTree = "<group>"; };
		2448FED23B6F6281DA84D6E3 /* ImageRater-Bridging-Header.h */ = {isa = PBXFileReference; lastKnownFileType = sourcecode.c.h; path = "ImageRater-Bridging-Header.h"; sourceTree = "<group>"; };
		3BA85CE95545757BDA458D16 /* CullPipeline.swift */ = {isa = PBXFileReference; lastKnownFileType = sourcecode.swift; path = CullPipeline.swift; sourceTree = "<group>"; };
		51CC8F269008CDA6AB3B88C3 /* ThumbnailCache.swift */ = {isa = PBXFileReference; lastKnownFileType = sourcecode.swift; path = ThumbnailCache.swift; sourceTree = "<group>"; };
		59427D413B63AF5B07BACF9F /* sharp.jpg */ = {isa = PBXFileReference; lastKnownFileType = image.jpeg; path = sharp.jpg; sourceTree = "<group>"; };
		6B4C6A2E1C2B71C70F55AE87 /* ImageRaterTests.swift */ = {isa = PBXFileReference; lastKnownFileType = sourcecode.swift; path = ImageRaterTests.swift; sourceTree = "<group>"; };
		7E8B9EAC1E6A2D9973B2B125 /* PersistenceController.swift */ = {isa = PBXFileReference; lastKnownFileType = sourcecode.swift; path = PersistenceController.swift; sourceTree = "<group>"; };
		8A1D62592AA878A621F6A969 /* LibRawWrapper.swift */ = {isa = PBXFileReference; lastKnownFileType = sourcecode.swift; path = LibRawWrapper.swift; sourceTree = "<group>"; };
		927C8C97DBC631094FF48BFB /* ImageRater.xcdatamodel */ = {isa = PBXFileReference; lastKnownFileType = wrapper.xcdatamodel; path = ImageRater.xcdatamodel; sourceTree = "<group>"; };
		A8A89F521A3965A61370398E /* MetadataWriter.swift */ = {isa = PBXFileReference; lastKnownFileType = sourcecode.swift; path = MetadataWriter.swift; sourceTree = "<group>"; };
		BF25761D06703B84F56CF4F1 /* ContentView.swift */ = {isa = PBXFileReference; lastKnownFileType = sourcecode.swift; path = ContentView.swift; sourceTree = "<group>"; };
		C0826FF0FD240A117CCB4035 /* ImageRater.app */ = {isa = PBXFileReference; explicitFileType = wrapper.application; includeInIndex = 0; path = ImageRater.app; sourceTree = BUILT_PRODUCTS_DIR; };
		D037073964B87A0F24A93C65 /* MetadataWriterTests.swift */ = {isa = PBXFileReference; lastKnownFileType = sourcecode.swift; path = MetadataWriterTests.swift; sourceTree = "<group>"; };
		DBBBBFAB15DAF73F94977A2F /* ImageRaterTests.xctest */ = {isa = PBXFileReference; explicitFileType = wrapper.cfbundle; includeInIndex = 0; path = ImageRaterTests.xctest; sourceTree = BUILT_PRODUCTS_DIR; };
		E4BD04A90265A02C56519149 /* LibRawBridge.mm */ = {isa = PBXFileReference; lastKnownFileType = sourcecode.cpp.objcpp; path = LibRawBridge.mm; sourceTree = "<group>"; };
		F1A364EC9D90695AE4717555 /* Info.plist */ = {isa = PBXFileReference; lastKnownFileType = text.plist; path = Info.plist; sourceTree = "<group>"; };
		F46B8A2612176D53E2D10AC0 /* ImageRaterApp.swift */ = {isa = PBXFileReference; lastKnownFileType = sourcecode.swift; path = ImageRaterApp.swift; sourceTree = "<group>"; };
		F52DFF241767600BD466630B /* CullPipelineTests.swift */ = {isa = PBXFileReference; lastKnownFileType = sourcecode.swift; path = CullPipelineTests.swift; sourceTree = "<group>"; };
		F6B5DF8555A058D7C6902BD4 /* CullResult.swift */ = {isa = PBXFileReference; lastKnownFileType = sourcecode.swift; path = CullResult.swift; sourceTree = "<group>"; };
		FD4392FCA13C79B275636586 /* LibRawBridge.h */ = {isa = PBXFileReference; lastKnownFileType = sourcecode.c.h; path = LibRawBridge.h; sourceTree = "<group>"; };
/* End PBXFileReference section */

/* Begin PBXGroup section */
		0A48F36188980E36C22FB89B /* App */ = {
			isa = PBXGroup;
			children = (
				BF25761D06703B84F56CF4F1 /* ContentView.swift */,
				F46B8A2612176D53E2D10AC0 /* ImageRaterApp.swift */,
			);
			path = App;
			sourceTree = "<group>";
		};
		0B554BA68C206EB8D98DE831 = {
			isa = PBXGroup;
			children = (
				917F43440B1602B9A2C0CEFE /* ImageRater */,
				8DC33B1982BAD5D719CA4AAE /* ImageRaterTests */,
				BE2E09ED1CB9D752AD4BDF75 /* Products */,
			);
			sourceTree = "<group>";
		};
		184BC2044D8AAD52B2913126 /* LibRaw */ = {
			isa = PBXGroup;
			children = (
				FD4392FCA13C79B275636586 /* LibRawBridge.h */,
				E4BD04A90265A02C56519149 /* LibRawBridge.mm */,
				8A1D62592AA878A621F6A969 /* LibRawWrapper.swift */,
			);
			path = LibRaw;
			sourceTree = "<group>";
		};
		51244A4F04AC535C2E78FBE2 /* Pipeline */ = {
			isa = PBXGroup;
			children = (
				3BA85CE95545757BDA458D16 /* CullPipeline.swift */,
			);
			path = Pipeline;
			sourceTree = "<group>";
		};
		6167E9C8B540F1FB87BA401A /* Models */ = {
			isa = PBXGroup;
			children = (
				F6B5DF8555A058D7C6902BD4 /* CullResult.swift */,
				037E9085D3A94F4FD0ADFF72 /* RatingResult.swift */,
			);
			path = Models;
			sourceTree = "<group>";
		};
		8DC33B1982BAD5D719CA4AAE /* ImageRaterTests */ = {
			isa = PBXGroup;
			children = (
				F52DFF241767600BD466630B /* CullPipelineTests.swift */,
				6B4C6A2E1C2B71C70F55AE87 /* ImageRaterTests.swift */,
				11B85272F1A7E64C99FFACED /* LibRawWrapperTests.swift */,
				D037073964B87A0F24A93C65 /* MetadataWriterTests.swift */,
				9D86C094E595199A7C2338EA /* Fixtures */,
			);
			path = ImageRaterTests;
			sourceTree = "<group>";
		};
		917F43440B1602B9A2C0CEFE /* ImageRater */ = {
			isa = PBXGroup;
			children = (
				2448FED23B6F6281DA84D6E3 /* ImageRater-Bridging-Header.h */,
				F1A364EC9D90695AE4717555 /* Info.plist */,
				0A48F36188980E36C22FB89B /* App */,
				C4532BF6B6C39EBD7129D03B /* CoreData */,
				A566978C664A93A2BC663FEC /* Export */,
				B058984081BDC65A820F0630 /* Import */,
				184BC2044D8AAD52B2913126 /* LibRaw */,
				6167E9C8B540F1FB87BA401A /* Models */,
				51244A4F04AC535C2E78FBE2 /* Pipeline */,
			);
			path = ImageRater;
			sourceTree = "<group>";
		};
		9D86C094E595199A7C2338EA /* Fixtures */ = {
			isa = PBXGroup;
			children = (
				59427D413B63AF5B07BACF9F /* sharp.jpg */,
			);
			path = Fixtures;
			sourceTree = "<group>";
		};
		A566978C664A93A2BC663FEC /* Export */ = {
			isa = PBXGroup;
			children = (
				A8A89F521A3965A61370398E /* MetadataWriter.swift */,
			);
			path = Export;
			sourceTree = "<group>";
		};
		B058984081BDC65A820F0630 /* Import */ = {
			isa = PBXGroup;
			children = (
				51CC8F269008CDA6AB3B88C3 /* ThumbnailCache.swift */,
			);
			path = Import;
			sourceTree = "<group>";
		};
		BE2E09ED1CB9D752AD4BDF75 /* Products */ = {
			isa = PBXGroup;
			children = (
				C0826FF0FD240A117CCB4035 /* ImageRater.app */,
				DBBBBFAB15DAF73F94977A2F /* ImageRaterTests.xctest */,
			);
			name = Products;
			sourceTree = "<group>";
		};
		C4532BF6B6C39EBD7129D03B /* CoreData */ = {
			isa = PBXGroup;
			children = (
				7E8B9EAC1E6A2D9973B2B125 /* PersistenceController.swift */,
				E4EC119722BC5ED9AFDD7CB7 /* ImageRater.xcdatamodeld */,
			);
			path = CoreData;
			sourceTree = "<group>";
		};
/* End PBXGroup section */

/* Begin PBXNativeTarget section */
		28461EFC4DFE04C3854583DB /* ImageRaterTests */ = {
			isa = PBXNativeTarget;
			buildConfigurationList = FA2F708DE7F4A8981D56029F /* Build configuration list for PBXNativeTarget "ImageRaterTests" */;
			buildPhases = (
				45E44DA3DABD302F3561F14C /* Sources */,
				BDACDF12A5B3F025C2D19111 /* Resources */,
			);
			buildRules = (
			);
			dependencies = (
				929E770C999211901AF9A0ED /* PBXTargetDependency */,
			);
			name = ImageRaterTests;
			packageProductDependencies = (
			);
			productName = ImageRaterTests;
			productReference = DBBBBFAB15DAF73F94977A2F /* ImageRaterTests.xctest */;
			productType = "com.apple.product-type.bundle.unit-test";
		};
		A0154A2EBE43B1102DD32282 /* ImageRater */ = {
			isa = PBXNativeTarget;
			buildConfigurationList = 17A4BF002B0F052636CED341 /* Build configuration list for PBXNativeTarget "ImageRater" */;
			buildPhases = (
				57D26E87E9D4A4619BCC4462 /* Sources */,
			);
			buildRules = (
			);
			dependencies = (
			);
			name = ImageRater;
			packageProductDependencies = (
			);
			productName = ImageRater;
			productReference = C0826FF0FD240A117CCB4035 /* ImageRater.app */;
			productType = "com.apple.product-type.application";
		};
/* End PBXNativeTarget section */

/* Begin PBXProject section */
		886AB4D387BBE8B114CC4675 /* Project object */ = {
			isa = PBXProject;
			attributes = {
				BuildIndependentTargetsInParallel = YES;
				LastUpgradeCheck = 1500;
				TargetAttributes = {
					A0154A2EBE43B1102DD32282 = {
						ProvisioningStyle = Automatic;
					};
				};
			};
			buildConfigurationList = 646060B49166EF3B011004F8 /* Build configuration list for PBXProject "ImageRater" */;
			developmentRegion = en;
			hasScannedForEncodings = 0;
			knownRegions = (
				Base,
				en,
			);
			mainGroup = 0B554BA68C206EB8D98DE831;
			minimizedProjectReferenceProxies = 1;
			preferredProjectObjectVersion = 77;
			productRefGroup = BE2E09ED1CB9D752AD4BDF75 /* Products */;
			projectDirPath = "";
			projectRoot = "";
			targets = (
				A0154A2EBE43B1102DD32282 /* ImageRater */,
				28461EFC4DFE04C3854583DB /* ImageRaterTests */,
			);
		};
/* End PBXProject section */

/* Begin PBXResourcesBuildPhase section */
		BDACDF12A5B3F025C2D19111 /* Resources */ = {
			isa = PBXResourcesBuildPhase;
			buildActionMask = 2147483647;
			files = (
				2C7D6D6E24B1665B4EA2522B /* sharp.jpg in Resources */,
			);
			runOnlyForDeploymentPostprocessing = 0;
		};
/* End PBXResourcesBuildPhase section */

/* Begin PBXSourcesBuildPhase section */
		45E44DA3DABD302F3561F14C /* Sources */ = {
			isa = PBXSourcesBuildPhase;
			buildActionMask = 2147483647;
			files = (
				E0B6EF5741A3AFCB382F26A8 /* CullPipelineTests.swift in Sources */,
				160FE7872D2B8803590A215D /* ImageRaterTests.swift in Sources */,
				A0D0B144EA082C4006A61E10 /* LibRawWrapperTests.swift in Sources */,
				7C131D2EB312D83B95AF5CEF /* MetadataWriterTests.swift in Sources */,
			);
			runOnlyForDeploymentPostprocessing = 0;
		};
		57D26E87E9D4A4619BCC4462 /* Sources */ = {
			isa = PBXSourcesBuildPhase;
			buildActionMask = 2147483647;
			files = (
				35EE8069B023B37EDE7D0BD1 /* ContentView.swift in Sources */,
				309F86F515ECCB91E16E07A6 /* CullPipeline.swift in Sources */,
				55996786456F392BB67EB921 /* CullResult.swift in Sources */,
				64F5C1B3E1549F95C4437ECF /* ImageRater.xcdatamodeld in Sources */,
				86D313E2F76C9ECE3D72D259 /* ImageRaterApp.swift in Sources */,
				8D606E26FCAD4F580900C3F1 /* LibRawBridge.mm in Sources */,
				418EBE7BC16843054DBDE888 /* LibRawWrapper.swift in Sources */,
				34458FAAB550B6CD2E385B38 /* MetadataWriter.swift in Sources */,
				CA5785B4173C08BDF61F4985 /* PersistenceController.swift in Sources */,
				617796D07A10409D05E87519 /* RatingResult.swift in Sources */,
				B9E08E487FEE04501BD9DAEF /* ThumbnailCache.swift in Sources */,
			);
			runOnlyForDeploymentPostprocessing = 0;
		};
/* End PBXSourcesBuildPhase section */

/* Begin PBXTargetDependency section */
		929E770C999211901AF9A0ED /* PBXTargetDependency */ = {
			isa = PBXTargetDependency;
			target = A0154A2EBE43B1102DD32282 /* ImageRater */;
			targetProxy = 1CD596BE8C22A829AD98266A /* PBXContainerItemProxy */;
		};
/* End PBXTargetDependency section */

/* Begin XCBuildConfiguration section */
		04978F0FD082414656732141 /* Debug */ = {
			isa = XCBuildConfiguration;
			buildSettings = {
				ALWAYS_SEARCH_USER_PATHS = NO;
				CLANG_ANALYZER_NONNULL = YES;
				CLANG_ANALYZER_NUMBER_OBJECT_CONVERSION = YES_AGGRESSIVE;
				CLANG_CXX_LANGUAGE_STANDARD = "gnu++14";
				CLANG_CXX_LIBRARY = "libc++";
				CLANG_ENABLE_MODULES = YES;
				CLANG_ENABLE_OBJC_ARC = YES;
				CLANG_ENABLE_OBJC_WEAK = YES;
				CLANG_WARN_BLOCK_CAPTURE_AUTORELEASING = YES;
				CLANG_WARN_BOOL_CONVERSION = YES;
				CLANG_WARN_COMMA = YES;
				CLANG_WARN_CONSTANT_CONVERSION = YES;
				CLANG_WARN_DEPRECATED_OBJC_IMPLEMENTATIONS = YES;
				CLANG_WARN_DIRECT_OBJC_ISA_USAGE = YES_ERROR;
				CLANG_WARN_DOCUMENTATION_COMMENTS = YES;
				CLANG_WARN_EMPTY_BODY = YES;
				CLANG_WARN_ENUM_CONVERSION = YES;
				CLANG_WARN_INFINITE_RECURSION = YES;
				CLANG_WARN_INT_CONVERSION = YES;
				CLANG_WARN_NON_LITERAL_NULL_CONVERSION = YES;
				CLANG_WARN_OBJC_IMPLICIT_RETAIN_SELF = YES;
				CLANG_WARN_OBJC_LITERAL_CONVERSION = YES;
				CLANG_WARN_OBJC_ROOT_CLASS = YES_ERROR;
				CLANG_WARN_QUOTED_INCLUDE_IN_FRAMEWORK_HEADER = YES;
				CLANG_WARN_RANGE_LOOP_ANALYSIS = YES;
				CLANG_WARN_STRICT_PROTOTYPES = YES;
				CLANG_WARN_SUSPICIOUS_MOVE = YES;
				CLANG_WARN_UNGUARDED_AVAILABILITY = YES_AGGRESSIVE;
				CLANG_WARN_UNREACHABLE_CODE = YES;
				CLANG_WARN__DUPLICATE_METHOD_MATCH = YES;
				COPY_PHASE_STRIP = NO;
				DEBUG_INFORMATION_FORMAT = dwarf;
				ENABLE_STRICT_OBJC_MSGSEND = YES;
				ENABLE_TESTABILITY = YES;
				GCC_C_LANGUAGE_STANDARD = gnu11;
				GCC_DYNAMIC_NO_PIC = NO;
				GCC_NO_COMMON_BLOCKS = YES;
				GCC_OPTIMIZATION_LEVEL = 0;
				GCC_PREPROCESSOR_DEFINITIONS = (
					"$(inherited)",
					"DEBUG=1",
				);
				GCC_WARN_64_TO_32_BIT_CONVERSION = YES;
				GCC_WARN_ABOUT_RETURN_TYPE = YES_ERROR;
				GCC_WARN_UNDECLARED_SELECTOR = YES;
				GCC_WARN_UNINITIALIZED_AUTOS = YES_AGGRESSIVE;
				GCC_WARN_UNUSED_FUNCTION = YES;
				GCC_WARN_UNUSED_VARIABLE = YES;
				MACOSX_DEPLOYMENT_TARGET = 14.0;
				MTL_ENABLE_DEBUG_INFO = INCLUDE_SOURCE;
				MTL_FAST_MATH = YES;
				ONLY_ACTIVE_ARCH = YES;
				PRODUCT_NAME = "$(TARGET_NAME)";
				SDKROOT = macosx;
				SWIFT_ACTIVE_COMPILATION_CONDITIONS = DEBUG;
				SWIFT_OBJC_BRIDGING_HEADER = "ImageRater/ImageRater-Bridging-Header.h";
				SWIFT_OPTIMIZATION_LEVEL = "-Onone";
				SWIFT_VERSION = 5.9;
			};
			name = Debug;
		};
		41FA556DD46FDCA58B49DCB6 /* Release */ = {
			isa = XCBuildConfiguration;
			buildSettings = {
				BUNDLE_LOADER = "$(TEST_HOST)";
				COMBINE_HIDPI_IMAGES = YES;
				GENERATE_INFOPLIST_FILE = YES;
				LD_RUNPATH_SEARCH_PATHS = (
					"$(inherited)",
					"@executable_path/../Frameworks",
					"@loader_path/../Frameworks",
				);
				PRODUCT_BUNDLE_IDENTIFIER = com.imageRater.ImageRaterTests;
				SDKROOT = macosx;
				TEST_HOST = "$(BUILT_PRODUCTS_DIR)/ImageRater.app/Contents/MacOS/ImageRater";
			};
			name = Release;
		};
		4343C4676D7D3F131F229443 /* Debug */ = {
			isa = XCBuildConfiguration;
			buildSettings = {
				ASSETCATALOG_COMPILER_APPICON_NAME = AppIcon;
				CODE_SIGN_STYLE = Automatic;
				COMBINE_HIDPI_IMAGES = YES;
				ENABLE_HARDENED_RUNTIME = YES;
				HEADER_SEARCH_PATHS = /opt/homebrew/include;
				INFOPLIST_FILE = ImageRater/Info.plist;
				LD_RUNPATH_SEARCH_PATHS = (
					"$(inherited)",
					"@executable_path/../Frameworks",
				);
				LIBRARY_SEARCH_PATHS = /opt/homebrew/lib;
				OTHER_LDFLAGS = "-lraw";
				PRODUCT_BUNDLE_IDENTIFIER = com.imageRater.ImageRater;
				SDKROOT = macosx;
			};
			name = Debug;
		};
		4E660DF4D11665688DDF715A /* Debug */ = {
			isa = XCBuildConfiguration;
			buildSettings = {
				BUNDLE_LOADER = "$(TEST_HOST)";
				COMBINE_HIDPI_IMAGES = YES;
				GENERATE_INFOPLIST_FILE = YES;
				LD_RUNPATH_SEARCH_PATHS = (
					"$(inherited)",
					"@executable_path/../Frameworks",
					"@loader_path/../Frameworks",
				);
				PRODUCT_BUNDLE_IDENTIFIER = com.imageRater.ImageRaterTests;
				SDKROOT = macosx;
				TEST_HOST = "$(BUILT_PRODUCTS_DIR)/ImageRater.app/Contents/MacOS/ImageRater";
			};
			name = Debug;
		};
		8FCA44168B785870F5856642 /* Release */ = {
			isa = XCBuildConfiguration;
			buildSettings = {
				ASSETCATALOG_COMPILER_APPICON_NAME = AppIcon;
				CODE_SIGN_STYLE = Automatic;
				COMBINE_HIDPI_IMAGES = YES;
				ENABLE_HARDENED_RUNTIME = YES;
				HEADER_SEARCH_PATHS = /opt/homebrew/include;
				INFOPLIST_FILE = ImageRater/Info.plist;
				LD_RUNPATH_SEARCH_PATHS = (
					"$(inherited)",
					"@executable_path/../Frameworks",
				);
				LIBRARY_SEARCH_PATHS = /opt/homebrew/lib;
				OTHER_LDFLAGS = "-lraw";
				PRODUCT_BUNDLE_IDENTIFIER = com.imageRater.ImageRater;
				SDKROOT = macosx;
			};
			name = Release;
		};
		B2BA138AD7BC7BFB867C735B /* Release */ = {
			isa = XCBuildConfiguration;
			buildSettings = {
				ALWAYS_SEARCH_USER_PATHS = NO;
				CLANG_ANALYZER_NONNULL = YES;
				CLANG_ANALYZER_NUMBER_OBJECT_CONVERSION = YES_AGGRESSIVE;
				CLANG_CXX_LANGUAGE_STANDARD = "gnu++14";
				CLANG_CXX_LIBRARY = "libc++";
				CLANG_ENABLE_MODULES = YES;
				CLANG_ENABLE_OBJC_ARC = YES;
				CLANG_ENABLE_OBJC_WEAK = YES;
				CLANG_WARN_BLOCK_CAPTURE_AUTORELEASING = YES;
				CLANG_WARN_BOOL_CONVERSION = YES;
				CLANG_WARN_COMMA = YES;
				CLANG_WARN_CONSTANT_CONVERSION = YES;
				CLANG_WARN_DEPRECATED_OBJC_IMPLEMENTATIONS = YES;
				CLANG_WARN_DIRECT_OBJC_ISA_USAGE = YES_ERROR;
				CLANG_WARN_DOCUMENTATION_COMMENTS = YES;
				CLANG_WARN_EMPTY_BODY = YES;
				CLANG_WARN_ENUM_CONVERSION = YES;
				CLANG_WARN_INFINITE_RECURSION = YES;
				CLANG_WARN_INT_CONVERSION = YES;
				CLANG_WARN_NON_LITERAL_NULL_CONVERSION = YES;
				CLANG_WARN_OBJC_IMPLICIT_RETAIN_SELF = YES;
				CLANG_WARN_OBJC_LITERAL_CONVERSION = YES;
				CLANG_WARN_OBJC_ROOT_CLASS = YES_ERROR;
				CLANG_WARN_QUOTED_INCLUDE_IN_FRAMEWORK_HEADER = YES;
				CLANG_WARN_RANGE_LOOP_ANALYSIS = YES;
				CLANG_WARN_STRICT_PROTOTYPES = YES;
				CLANG_WARN_SUSPICIOUS_MOVE = YES;
				CLANG_WARN_UNGUARDED_AVAILABILITY = YES_AGGRESSIVE;
				CLANG_WARN_UNREACHABLE_CODE = YES;
				CLANG_WARN__DUPLICATE_METHOD_MATCH = YES;
				COPY_PHASE_STRIP = NO;
				DEBUG_INFORMATION_FORMAT = "dwarf-with-dsym";
				ENABLE_NS_ASSERTIONS = NO;
				ENABLE_STRICT_OBJC_MSGSEND = YES;
				GCC_C_LANGUAGE_STANDARD = gnu11;
				GCC_NO_COMMON_BLOCKS = YES;
				GCC_WARN_64_TO_32_BIT_CONVERSION = YES;
				GCC_WARN_ABOUT_RETURN_TYPE = YES_ERROR;
				GCC_WARN_UNDECLARED_SELECTOR = YES;
				GCC_WARN_UNINITIALIZED_AUTOS = YES_AGGRESSIVE;
				GCC_WARN_UNUSED_FUNCTION = YES;
				GCC_WARN_UNUSED_VARIABLE = YES;
				MACOSX_DEPLOYMENT_TARGET = 14.0;
				MTL_ENABLE_DEBUG_INFO = NO;
				MTL_FAST_MATH = YES;
				PRODUCT_NAME = "$(TARGET_NAME)";
				SDKROOT = macosx;
				SWIFT_COMPILATION_MODE = wholemodule;
				SWIFT_OBJC_BRIDGING_HEADER = "ImageRater/ImageRater-Bridging-Header.h";
				SWIFT_OPTIMIZATION_LEVEL = "-O";
				SWIFT_VERSION = 5.9;
			};
			name = Release;
		};
/* End XCBuildConfiguration section */

/* Begin XCConfigurationList section */
		17A4BF002B0F052636CED341 /* Build configuration list for PBXNativeTarget "ImageRater" */ = {
			isa = XCConfigurationList;
			buildConfigurations = (
				4343C4676D7D3F131F229443 /* Debug */,
				8FCA44168B785870F5856642 /* Release */,
			);
			defaultConfigurationIsVisible = 0;
			defaultConfigurationName = Debug;
		};
		646060B49166EF3B011004F8 /* Build configuration list for PBXProject "ImageRater" */ = {
			isa = XCConfigurationList;
			buildConfigurations = (
				04978F0FD082414656732141 /* Debug */,
				B2BA138AD7BC7BFB867C735B /* Release */,
			);
			defaultConfigurationIsVisible = 0;
			defaultConfigurationName = Debug;
		};
		FA2F708DE7F4A8981D56029F /* Build configuration list for PBXNativeTarget "ImageRaterTests" */ = {
			isa = XCConfigurationList;
			buildConfigurations = (
				4E660DF4D11665688DDF715A /* Debug */,
				41FA556DD46FDCA58B49DCB6 /* Release */,
			);
			defaultConfigurationIsVisible = 0;
			defaultConfigurationName = Debug;
		};
/* End XCConfigurationList section */

/* Begin XCVersionGroup section */
		E4EC119722BC5ED9AFDD7CB7 /* ImageRater.xcdatamodeld */ = {
			isa = XCVersionGroup;
			children = (
				927C8C97DBC631094FF48BFB /* ImageRater.xcdatamodel */,
			);
			currentVersion = 927C8C97DBC631094FF48BFB /* ImageRater.xcdatamodel */;
			path = ImageRater.xcdatamodeld;
			sourceTree = "<group>";
			versionGroupType = wrapper.xcdatamodel;
		};
/* End XCVersionGroup section */
	};
	rootObject = 886AB4D387BBE8B114CC4675 /* Project object */;
}
